<?xml version="1.0" encoding="utf-8"?>
<Project ToolsVersion="4.0" xmlns="http://schemas.microsoft.com/developer/msbuild/2003">
  <ItemGroup>
    <Filter Include="Source Files">
      <UniqueIdentifier>{4FC737F1-C7A5-4376-A066-2A32D752A2FF}</UniqueIdentifier>
      <Extensions>qml;cpp;c;cc;cxx;def;odl;idl;hpj;bat;asm;asmx</Extensions>
    </Filter>
    <Filter Include="Header Files">
      <UniqueIdentifier>{93995380-89BD-4b04-88EB-625FBE52EBFB}</UniqueIdentifier>
      <Extensions>h;hh;hpp;hxx;hm;inl;inc;xsd</Extensions>
    </Filter>
    <Filter Include="Resource Files">
      <UniqueIdentifier>{67DA6AB6-F800-4c08-8B7A-83BB121AAD01}</UniqueIdentifier>
      <Extensions>qrc;rc;ico;cur;bmp;dlg;rc2;rct;bin;rgs;gif;jpg;jpeg;jpe;resx;tiff;tif;png;wav;mfcribbon-ms</Extensions>
    </Filter>
    <Filter Include="Form Files">
      <UniqueIdentifier>{99349809-55BA-4b9d-BF79-8FDBB0286EB3}</UniqueIdentifier>
      <Extensions>ui</Extensions>
    </Filter>
    <Filter Include="Translation Files">
      <UniqueIdentifier>{639EADAA-A684-42e4-A9AD-28FC9BCB8F7C}</UniqueIdentifier>
      <Extensions>ts</Extensions>
    </Filter>
  </ItemGroup>
  <ItemGroup>
    <QtRcc Include="frameflow.qrc">
      <Filter>Resource Files</Filter>
    </QtRcc>
    <QtUic Include="frameflow.ui">
      <Filter>Form Files</Filter>
    </QtUic>
    <QtMoc Include="frameflow.h">
      <Filter>Header Files</Filter>
    </QtMoc>
    <ClCompile Include="frameflow.cpp">
      <Filter>Source Files</Filter>
    </ClCompile>
    <None Include="FrameFlow.ico">
      <Filter>Resource Files</Filter>
    </None>
    <ResourceCompile Include="FrameFlow.rc">
      <Filter>Resource Files</Filter>
    </ResourceCompile>
  </ItemGroup>
  <ItemGroup>
    <ClCompile Include="main.cpp">
      <Filter>Source Files</Filter>
    </ClCompile>
    <ClCompile Include="myutils.win.cpp">
      <Filter>Source Files</Filter>
    </ClCompile>
    <ClCompile Include="widgetbutton.cpp">
      <Filter>Source Files</Filter>
    </ClCompile>
    <ClCompile Include="projectswidget.cpp">
      <Filter>Source Files</Filter>
    </ClCompile>
    <ClCompile Include="newprojectdialog.cpp">
      <Filter>Source Files</Filter>
    </ClCompile>
    <ClCompile Include="previewscenewidget.cpp">
      <Filter>Source Files</Filter>
    </ClCompile>
    <ClCompile Include="projectmenuitem.cpp">
      <Filter>Source Files</Filter>
    </ClCompile>
    <ClCompile Include="alertbutton.cpp">
      <Filter>Source Files</Filter>
    </ClCompile>
    <ClCompile Include="settingsdialog.cpp">
      <Filter>Source Files</Filter>
    </ClCompile>
    <ClCompile Include="alertsdialog.cpp">
      <Filter>Source Files</Filter>
    </ClCompile>
    <ClCompile Include="confirmationdialog.cpp">
      <Filter>Source Files</Filter>
    </ClCompile>
    <ClCompile Include="vumetercontrol.cpp">
      <Filter>Source Files</Filter>
    </ClCompile>
    <ClCompile Include="vumeterwidget.cpp">
      <Filter>Source Files</Filter>
    </ClCompile>
    <ClCompile Include="scenewidget.cpp">
      <Filter>Source Files</Filter>
    </ClCompile>
    <ClCompile Include="sourcewidget.cpp">
      <Filter>Source Files</Filter>
    </ClCompile>
    <ClCompile Include="splashwidget.cpp">
      <Filter>Source Files</Filter>
    </ClCompile>
    <ClCompile Include="transitionwidget.cpp">
      <Filter>Source Files</Filter>
    </ClCompile>
    <ClCompile Include="effectwidget.cpp">
      <Filter>Source Files</Filter>
    </ClCompile>
    <ClCompile Include="selectsourcedialog.cpp">
      <Filter>Source Files</Filter>
    </ClCompile>
    <ClCompile Include="db.cpp">
      <Filter>Source Files</Filter>
    </ClCompile>
    <ClCompile Include="project_manager.cpp">
      <Filter>Source Files</Filter>
    </ClCompile>
    <ClCompile Include="createscenedialog.cpp">
      <Filter>Source Files</Filter>
    </ClCompile>
    <ClCompile Include="sourceitemwidget.cpp">
      <Filter>Source Files</Filter>
    </ClCompile>
    <ClCompile Include="streamserverwidget.cpp">
      <Filter>Source Files</Filter>
    </ClCompile>
    <ClCompile Include="toggleswitch.cpp">
      <Filter>Source Files</Filter>
    </ClCompile>
    <ClCompile Include="alertwidget.cpp">
      <Filter>Source Files</Filter>
    </ClCompile>
    <ClCompile Include="scenerenderer.cpp">
      <Filter>Source Files</Filter>
    </ClCompile>
    <ClCompile Include="sourcemanager.cpp">
      <Filter>Source Files</Filter>
    </ClCompile>
  </ItemGroup>
  <ItemGroup>
    <ClInclude Include="myutils.h">
      <Filter>Header Files</Filter>
    </ClInclude>
    <ClInclude Include="project_model.h">
      <Filter>Header Files</Filter>
    </ClInclude>
    <ClInclude Include="scene_model.h">
      <Filter>Header Files</Filter>
    </ClInclude>
    <ClInclude Include="source_model.h">
      <Filter>Header Files</Filter>
    </ClInclude>
    <ClInclude Include="db.h">
      <Filter>Header Files</Filter>
    </ClInclude>
  </ItemGroup>
  <ItemGroup>
    <QtMoc Include="widgetbutton.h">
      <Filter>Header Files</Filter>
    </QtMoc>
    <QtMoc Include="projectswidget.h">
      <Filter>Header Files</Filter>
    </QtMoc>
    <QtMoc Include="newprojectdialog.h">
      <Filter>Header Files</Filter>
    </QtMoc>
    <QtMoc Include="previewscenewidget.h">
      <Filter>Header Files</Filter>
    </QtMoc>
    <QtMoc Include="projectmenuitem.h">
      <Filter>Header Files</Filter>
    </QtMoc>
    <QtMoc Include="alertbutton.h">
      <Filter>Header Files</Filter>
    </QtMoc>
    <QtMoc Include="settingsdialog.h">
      <Filter>Header Files</Filter>
    </QtMoc>
    <QtMoc Include="alertsdialog.h">
      <Filter>Header Files</Filter>
    </QtMoc>
    <QtMoc Include="confirmationdialog.h">
      <Filter>Header Files</Filter>
    </QtMoc>
    <QtMoc Include="vumetercontrol.h">
      <Filter>Header Files</Filter>
    </QtMoc>
    <QtMoc Include="vumeterwidget.h">
      <Filter>Header Files</Filter>
    </QtMoc>
    <QtMoc Include="scenewidget.h">
      <Filter>Header Files</Filter>
    </QtMoc>
    <QtMoc Include="sourcewidget.h">
      <Filter>Header Files</Filter>
    </QtMoc>
    <QtMoc Include="togglelistwidget.h">
      <Filter>Header Files</Filter>
    </QtMoc>
    <QtMoc Include="splashwidget.h">
      <Filter>Header Files</Filter>
    </QtMoc>
    <QtMoc Include="transitionwidget.h">
      <Filter>Header Files</Filter>
    </QtMoc>
    <QtMoc Include="effectwidget.h">
      <Filter>Header Files</Filter>
    </QtMoc>
    <QtMoc Include="selectsourcedialog.h">
      <Filter>Header Files</Filter>
    </QtMoc>
    <QtMoc Include="project_manager.h">
      <Filter>Header Files</Filter>
    </QtMoc>
    <QtMoc Include="createscenedialog.h">
      <Filter>Header Files</Filter>
    </QtMoc>
    <QtMoc Include="sourceitemwidget.h">
      <Filter>Header Files</Filter>
    </QtMoc>
    <QtMoc Include="streamserverwidget.h">
      <Filter>Header Files</Filter>
    </QtMoc>
    <QtMoc Include="toggleswitch.h">
      <Filter>Header Files</Filter>
    </QtMoc>
    <QtMoc Include="alertwidget.h">
      <Filter>Header Files</Filter>
    </QtMoc>
    <QtMoc Include="scenerenderer.h">
      <Filter>Header Files</Filter>
    </QtMoc>
    <QtMoc Include="sourcemanager.h">
      <Filter>Header Files</Filter>
    </QtMoc>
  </ItemGroup>
  <ItemGroup>
    <QtUic Include="projectswidget.ui">
      <Filter>Form Files</Filter>
    </QtUic>
    <QtUic Include="newprojectdialog.ui">
      <Filter>Form Files</Filter>
    </QtUic>
    <QtUic Include="projectmenuitem.ui">
      <Filter>Form Files</Filter>
    </QtUic>
    <QtUic Include="settingsdialog.ui">
      <Filter>Form Files</Filter>
    </QtUic>
    <QtUic Include="alertsdialog.ui">
      <Filter>Form Files</Filter>
    </QtUic>
    <QtUic Include="confirmationdialog.ui">
      <Filter>Form Files</Filter>
    </QtUic>
    <QtUic Include="vumetercontrol.ui">
      <Filter>Form Files</Filter>
    </QtUic>
    <QtUic Include="scenewidget.ui">
      <Filter>Form Files</Filter>
    </QtUic>
    <QtUic Include="sourcewidget.ui">
      <Filter>Form Files</Filter>
    </QtUic>
    <QtUic Include="splashwidget.ui">
      <Filter>Form Files</Filter>
    </QtUic>
    <QtUic Include="transitionwidget.ui">
      <Filter>Form Files</Filter>
    </QtUic>
    <QtUic Include="effectwidget.ui">
      <Filter>Form Files</Filter>
    </QtUic>
    <QtUic Include="selectsourcedialog.ui">
      <Filter>Form Files</Filter>
    </QtUic>
    <QtUic Include="createscenedialog.ui">
      <Filter>Form Files</Filter>
    </QtUic>
    <QtUic Include="sourceitemwidget.ui">
      <Filter>Form Files</Filter>
    </QtUic>
    <QtUic Include="streamserverwidget.ui">
      <Filter>Form Files</Filter>
    </QtUic>
    <QtUic Include="alertwidget.ui">
      <Filter>Form Files</Filter>
    </QtUic>
  </ItemGroup>
</Project>