<?xml version="1.0" encoding="utf-8"?>
<Project ToolsVersion="4.0" xmlns="http://schemas.microsoft.com/developer/msbuild/2003">
  <ItemGroup>
    <Filter Include="Source Files">
      <UniqueIdentifier>{4FC737F1-C7A5-4376-A066-2A32D752A2FF}</UniqueIdentifier>
      <Extensions>qml;cpp;c;cc;cxx;def;odl;idl;hpj;bat;asm;asmx</Extensions>
    </Filter>
    <Filter Include="Header Files">
      <UniqueIdentifier>{93995380-89BD-4b04-88EB-625FBE52EBFB}</UniqueIdentifier>
      <Extensions>h;hh;hpp;hxx;hm;inl;inc;xsd</Extensions>
    </Filter>
    <Filter Include="Resource Files">
      <UniqueIdentifier>{67DA6AB6-F800-4c08-8B7A-83BB121AAD01}</UniqueIdentifier>
      <Extensions>qrc;rc;ico;cur;bmp;dlg;rc2;rct;bin;rgs;gif;jpg;jpeg;jpe;resx;tiff;tif;png;wav;mfcribbon-ms</Extensions>
    </Filter>
    <Filter Include="Form Files">
      <UniqueIdentifier>{99349809-55BA-4b9d-BF79-8FDBB0286EB3}</UniqueIdentifier>
      <Extensions>ui</Extensions>
    </Filter>
    <Filter Include="Translation Files">
      <UniqueIdentifier>{639EADAA-A684-42e4-A9AD-28FC9BCB8F7C}</UniqueIdentifier>
      <Extensions>ts</Extensions>
    </Filter>
    <Filter Include="models">
      <UniqueIdentifier>{290849c0-698f-4434-afee-83cf1eeab6e1}</UniqueIdentifier>
    </Filter>
    <Filter Include="renderers">
      <UniqueIdentifier>{ed22a72c-0a7c-4790-b291-f9060a476a4d}</UniqueIdentifier>
    </Filter>
    <Filter Include="dialogs">
      <UniqueIdentifier>{9a07997c-bfb4-47cd-9067-041800af1771}</UniqueIdentifier>
    </Filter>
    <Filter Include="widgets">
      <UniqueIdentifier>{84bb259c-95b1-47e1-8470-ee8f6743ec5e}</UniqueIdentifier>
    </Filter>
  </ItemGroup>
  <ItemGroup>
    <QtRcc Include="frameflow.qrc">
      <Filter>Resource Files</Filter>
    </QtRcc>
    <QtUic Include="frameflow.ui">
      <Filter>Form Files</Filter>
    </QtUic>
    <QtMoc Include="frameflow.h">
      <Filter>Header Files</Filter>
    </QtMoc>
    <ClCompile Include="frameflow.cpp">
      <Filter>Source Files</Filter>
    </ClCompile>
    <None Include="FrameFlow.ico">
      <Filter>Resource Files</Filter>
    </None>
    <ResourceCompile Include="FrameFlow.rc">
      <Filter>Resource Files</Filter>
    </ResourceCompile>
  </ItemGroup>
  <ItemGroup>
    <ClCompile Include="main.cpp">
      <Filter>Source Files</Filter>
    </ClCompile>
    <ClCompile Include="myutils.win.cpp">
      <Filter>Source Files</Filter>
    </ClCompile>
    <ClCompile Include="db.cpp">
      <Filter>Source Files</Filter>
    </ClCompile>
    <ClCompile Include="project_manager.cpp">
      <Filter>Source Files</Filter>
    </ClCompile>
    <ClCompile Include="alertbutton.cpp">
      <Filter>widgets</Filter>
    </ClCompile>
    <ClCompile Include="alertwidget.cpp">
      <Filter>widgets</Filter>
    </ClCompile>
    <ClCompile Include="colorpickerwidget.cpp">
      <Filter>widgets</Filter>
    </ClCompile>
    <ClCompile Include="effectwidget.cpp">
      <Filter>widgets</Filter>
    </ClCompile>
    <ClCompile Include="pathpickerwidget.cpp">
      <Filter>widgets</Filter>
    </ClCompile>
    <ClCompile Include="previewscenewidget.cpp">
      <Filter>widgets</Filter>
    </ClCompile>
    <ClCompile Include="urlpickerwidget.cpp">
      <Filter>widgets</Filter>
    </ClCompile>
    <ClCompile Include="vumeterwidget.cpp">
      <Filter>widgets</Filter>
    </ClCompile>
    <ClCompile Include="vumetercontrol.cpp">
      <Filter>widgets</Filter>
    </ClCompile>
    <ClCompile Include="widgetbutton.cpp">
      <Filter>widgets</Filter>
    </ClCompile>
    <ClCompile Include="transitionwidget.cpp">
      <Filter>widgets</Filter>
    </ClCompile>
    <ClCompile Include="toggleswitch.cpp">
      <Filter>widgets</Filter>
    </ClCompile>
    <ClCompile Include="streamserverwidget.cpp">
      <Filter>widgets</Filter>
    </ClCompile>
    <ClCompile Include="splashwidget.cpp">
      <Filter>widgets</Filter>
    </ClCompile>
    <ClCompile Include="sourcewidget.cpp">
      <Filter>widgets</Filter>
    </ClCompile>
    <ClCompile Include="sourceitemwidget.cpp">
      <Filter>widgets</Filter>
    </ClCompile>
    <ClCompile Include="scenewidget.cpp">
      <Filter>widgets</Filter>
    </ClCompile>
    <ClCompile Include="projectswidget.cpp">
      <Filter>widgets</Filter>
    </ClCompile>
    <ClCompile Include="projectmenuitem.cpp">
      <Filter>widgets</Filter>
    </ClCompile>
    <ClCompile Include="alertsdialog.cpp">
      <Filter>dialogs</Filter>
    </ClCompile>
    <ClCompile Include="confirmationdialog.cpp">
      <Filter>dialogs</Filter>
    </ClCompile>
    <ClCompile Include="createscenedialog.cpp">
      <Filter>dialogs</Filter>
    </ClCompile>
    <ClCompile Include="newprojectdialog.cpp">
      <Filter>dialogs</Filter>
    </ClCompile>
    <ClCompile Include="renamedialog.cpp">
      <Filter>dialogs</Filter>
    </ClCompile>
    <ClCompile Include="selectsourcedialog.cpp">
      <Filter>dialogs</Filter>
    </ClCompile>
    <ClCompile Include="settingsdialog.cpp">
      <Filter>dialogs</Filter>
    </ClCompile>
    <ClCompile Include="scenerenderer.cpp">
      <Filter>renderers</Filter>
    </ClCompile>
    <ClCompile Include="sourcecolorbaserenderer.cpp">
      <Filter>renderers</Filter>
    </ClCompile>
    <ClCompile Include="baserenderer.cpp">
      <Filter>renderers</Filter>
    </ClCompile>
    <ClCompile Include="renderermanager.cpp">
      <Filter>renderers</Filter>
    </ClCompile>
    <ClCompile Include="editsourcedialog.cpp">
      <Filter>dialogs</Filter>
    </ClCompile>
    <ClCompile Include="sourcereaderbaserenderer.cpp">
      <Filter>renderers</Filter>
    </ClCompile>
    <ClCompile Include="webcamwidget.cpp">
      <Filter>widgets</Filter>
    </ClCompile>
    <ClCompile Include="sourcedevicebaserenderer.cpp">
      <Filter>renderers</Filter>
    </ClCompile>
    <ClCompile Include="license_manager.cpp">
      <Filter>Source Files</Filter>
    </ClCompile>
    <ClCompile Include="helpdialog.cpp">
      <Filter>Source Files</Filter>
    </ClCompile>
    <ClCompile Include="textwidget.cpp">
      <Filter>widgets</Filter>
    </ClCompile>
    <ClCompile Include="screencapturewidget.cpp">
      <Filter>widgets</Filter>
    </ClCompile>
    <ClCompile Include="ndiwidget.cpp">
      <Filter>widgets</Filter>
    </ClCompile>
    <ClCompile Include="textrenderer.cpp">
      <Filter>renderers</Filter>
    </ClCompile>
    <ClCompile Include="livesourcewidget.cpp">
      <Filter>widgets</Filter>
    </ClCompile>
  </ItemGroup>
  <ItemGroup>
    <ClInclude Include="myutils.h">
      <Filter>Header Files</Filter>
    </ClInclude>
    <ClInclude Include="db.h">
      <Filter>Header Files</Filter>
    </ClInclude>
    <ClInclude Include="project_model.h">
      <Filter>models</Filter>
    </ClInclude>
    <ClInclude Include="source_model.h">
      <Filter>models</Filter>
    </ClInclude>
    <ClInclude Include="scene_model.h">
      <Filter>models</Filter>
    </ClInclude>
    <ClInclude Include="sourcecolorbaserenderer.h">
      <Filter>renderers</Filter>
    </ClInclude>
    <ClInclude Include="basesourcewidget.h">
      <Filter>widgets</Filter>
    </ClInclude>
    <ClInclude Include="sourcereaderbaserenderer.h">
      <Filter>renderers</Filter>
    </ClInclude>
    <ClInclude Include="sourcedevicebaserenderer.h">
      <Filter>renderers</Filter>
    </ClInclude>
    <ClInclude Include="version.h">
      <Filter>Header Files</Filter>
    </ClInclude>
    <ClInclude Include="transition_model.h">
      <Filter>models</Filter>
    </ClInclude>
    <ClInclude Include="server_model.h">
      <Filter>models</Filter>
    </ClInclude>
    <ClInclude Include="textrenderer.h">
      <Filter>renderers</Filter>
    </ClInclude>
    <ClInclude Include="MLProtect_MFormats SDK.(subscription valid until 25-May-2025 - NRD Multimedia, S.L.).h">
      <Filter>Header Files</Filter>
    </ClInclude>
    <ClInclude Include="encoding_settings_model.h">
      <Filter>models</Filter>
    </ClInclude>
  </ItemGroup>
  <ItemGroup>
    <QtMoc Include="project_manager.h">
      <Filter>Header Files</Filter>
    </QtMoc>
    <QtMoc Include="widgetbutton.h">
      <Filter>widgets</Filter>
    </QtMoc>
    <QtMoc Include="vumeterwidget.h">
      <Filter>widgets</Filter>
    </QtMoc>
    <QtMoc Include="vumetercontrol.h">
      <Filter>widgets</Filter>
    </QtMoc>
    <QtMoc Include="urlpickerwidget.h">
      <Filter>widgets</Filter>
    </QtMoc>
    <QtMoc Include="transitionwidget.h">
      <Filter>widgets</Filter>
    </QtMoc>
    <QtMoc Include="toggleswitch.h">
      <Filter>widgets</Filter>
    </QtMoc>
    <QtMoc Include="togglelistwidget.h">
      <Filter>widgets</Filter>
    </QtMoc>
    <QtMoc Include="streamserverwidget.h">
      <Filter>widgets</Filter>
    </QtMoc>
    <QtMoc Include="sourcewidget.h">
      <Filter>widgets</Filter>
    </QtMoc>
    <QtMoc Include="splashwidget.h">
      <Filter>widgets</Filter>
    </QtMoc>
    <QtMoc Include="settingsdialog.h">
      <Filter>dialogs</Filter>
    </QtMoc>
    <QtMoc Include="selectsourcedialog.h">
      <Filter>dialogs</Filter>
    </QtMoc>
    <QtMoc Include="scenewidget.h">
      <Filter>widgets</Filter>
    </QtMoc>
    <QtMoc Include="sourceitemwidget.h">
      <Filter>widgets</Filter>
    </QtMoc>
    <QtMoc Include="pathpickerwidget.h">
      <Filter>widgets</Filter>
    </QtMoc>
    <QtMoc Include="previewscenewidget.h">
      <Filter>widgets</Filter>
    </QtMoc>
    <QtMoc Include="projectswidget.h">
      <Filter>widgets</Filter>
    </QtMoc>
    <QtMoc Include="alertbutton.h">
      <Filter>widgets</Filter>
    </QtMoc>
    <QtMoc Include="alertwidget.h">
      <Filter>widgets</Filter>
    </QtMoc>
    <QtMoc Include="colorpickerwidget.h">
      <Filter>widgets</Filter>
    </QtMoc>
    <QtMoc Include="effectwidget.h">
      <Filter>widgets</Filter>
    </QtMoc>
    <QtMoc Include="createscenedialog.h">
      <Filter>dialogs</Filter>
    </QtMoc>
    <QtMoc Include="confirmationdialog.h">
      <Filter>dialogs</Filter>
    </QtMoc>
    <QtMoc Include="alertsdialog.h">
      <Filter>dialogs</Filter>
    </QtMoc>
    <QtMoc Include="newprojectdialog.h">
      <Filter>dialogs</Filter>
    </QtMoc>
    <QtMoc Include="renamedialog.h">
      <Filter>dialogs</Filter>
    </QtMoc>
    <QtMoc Include="projectmenuitem.h">
      <Filter>widgets</Filter>
    </QtMoc>
    <QtMoc Include="renderermanager.h">
      <Filter>renderers</Filter>
    </QtMoc>
    <QtMoc Include="editsourcedialog.h">
      <Filter>dialogs</Filter>
    </QtMoc>
    <QtMoc Include="webcamwidget.h">
      <Filter>widgets</Filter>
    </QtMoc>
    <QtMoc Include="license_manager.h">
      <Filter>Header Files</Filter>
    </QtMoc>
    <QtMoc Include="helpdialog.h">
      <Filter>Header Files</Filter>
    </QtMoc>
    <QtMoc Include="textwidget.h">
      <Filter>widgets</Filter>
    </QtMoc>
    <QtMoc Include="screencapturewidget.h">
      <Filter>widgets</Filter>
    </QtMoc>
    <QtMoc Include="ndiwidget.h">
      <Filter>widgets</Filter>
    </QtMoc>
    <QtMoc Include="livesourcewidget.h">
      <Filter>widgets</Filter>
    </QtMoc>
    <QtMoc Include="baserenderer.h">
      <Filter>renderers</Filter>
    </QtMoc>
    <QtMoc Include="scenerenderer.h">
      <Filter>renderers</Filter>
    </QtMoc>
  </ItemGroup>
  <ItemGroup>
    <QtUic Include="projectswidget.ui">
      <Filter>Form Files</Filter>
    </QtUic>
    <QtUic Include="newprojectdialog.ui">
      <Filter>Form Files</Filter>
    </QtUic>
    <QtUic Include="projectmenuitem.ui">
      <Filter>Form Files</Filter>
    </QtUic>
    <QtUic Include="settingsdialog.ui">
      <Filter>Form Files</Filter>
    </QtUic>
    <QtUic Include="alertsdialog.ui">
      <Filter>Form Files</Filter>
    </QtUic>
    <QtUic Include="confirmationdialog.ui">
      <Filter>Form Files</Filter>
    </QtUic>
    <QtUic Include="vumetercontrol.ui">
      <Filter>Form Files</Filter>
    </QtUic>
    <QtUic Include="scenewidget.ui">
      <Filter>Form Files</Filter>
    </QtUic>
    <QtUic Include="sourcewidget.ui">
      <Filter>Form Files</Filter>
    </QtUic>
    <QtUic Include="splashwidget.ui">
      <Filter>Form Files</Filter>
    </QtUic>
    <QtUic Include="transitionwidget.ui">
      <Filter>Form Files</Filter>
    </QtUic>
    <QtUic Include="effectwidget.ui">
      <Filter>Form Files</Filter>
    </QtUic>
    <QtUic Include="selectsourcedialog.ui">
      <Filter>Form Files</Filter>
    </QtUic>
    <QtUic Include="createscenedialog.ui">
      <Filter>Form Files</Filter>
    </QtUic>
    <QtUic Include="sourceitemwidget.ui">
      <Filter>Form Files</Filter>
    </QtUic>
    <QtUic Include="streamserverwidget.ui">
      <Filter>Form Files</Filter>
    </QtUic>
    <QtUic Include="alertwidget.ui">
      <Filter>Form Files</Filter>
    </QtUic>
    <QtUic Include="renamedialog.ui">
      <Filter>Form Files</Filter>
    </QtUic>
    <QtUic Include="colorpickerwidget.ui">
      <Filter>Form Files</Filter>
    </QtUic>
    <QtUic Include="pathpickerwidget.ui">
      <Filter>Form Files</Filter>
    </QtUic>
    <QtUic Include="urlpickerwidget.ui">
      <Filter>Form Files</Filter>
    </QtUic>
    <QtUic Include="editsourcedialog.ui">
      <Filter>Form Files</Filter>
    </QtUic>
    <QtUic Include="webcamwidget.ui">
      <Filter>Form Files</Filter>
    </QtUic>
    <QtUic Include="helpdialog.ui">
      <Filter>Form Files</Filter>
    </QtUic>
    <QtUic Include="ndiwidget.ui">
      <Filter>Form Files</Filter>
    </QtUic>
    <QtUic Include="livesourcewidget.ui">
      <Filter>Form Files</Filter>
    </QtUic>
    <QtUic Include="screencapturewidget.ui">
      <Filter>Form Files</Filter>
    </QtUic>
    <QtUic Include="textwidget.ui">
      <Filter>Form Files</Filter>
    </QtUic>
  </ItemGroup>
  <ItemGroup>
    <Text Include="HOW_TO_LICENSE.txt" />
  </ItemGroup>
</Project>